
Microsoft Visual Studio Solution File, Format Version 12.00
# Visual Studio 15
VisualStudioVersion = 15.0.27428.2043
MinimumVisualStudioVersion = 10.0.40219.1
Project("{FAE04EC0-301F-11D3-BF4B-00C04F79EFBC}") = "p2pchat_sinf", "p2pchat_sinf\p2pchat_sinf.csproj", "{C82940A3-3647-49A0-B5AE-30469DA569AD}"
EndProject
Global
	GlobalSection(SolutionConfigurationPlatforms) = preSolution
		Debug|Any CPU = Debug|Any CPU
		Release|Any CPU = Release|Any CPU
	EndGlobalSection
	GlobalSection(ProjectConfigurationPlatforms) = postSolution
		{C82940A3-3647-49A0-B5AE-30469DA569AD}.Debug|Any CPU.ActiveCfg = Debug|Any CPU
		{C82940A3-3647-49A0-B5AE-30469DA569AD}.Debug|Any CPU.Build.0 = Debug|Any CPU
		{C82940A3-3647-49A0-B5AE-30469DA569AD}.Release|Any CPU.ActiveCfg = Release|Any CPU
		{C82940A3-3647-49A0-B5AE-30469DA569AD}.Release|Any CPU.Build.0 = Release|Any CPU
	EndGlobalSection
	GlobalSection(SolutionProperties) = preSolution
		HideSolutionNode = FALSE
	EndGlobalSection
	GlobalSection(ExtensibilityGlobals) = postSolution
		SolutionGuid = {C25BE566-B9DB-41B9-A3CE-0873123AAAFF}
	EndGlobalSection
EndGlobal
